
Microsoft Visual Studio Solution File, Format Version 12.00
# Visual Studio Version 17
VisualStudioVersion = 17.14.36310.24 d17.14
MinimumVisualStudioVersion = 10.0.40219.1
Project("{FAE04EC0-301F-11D3-BF4B-00C04F79EFBC}") = "CustomSkillsAPI", "CustomSkillsAPI.csproj", "{15AADF30-1ACC-4027-A405-26D6504027EC}"
EndProject
Global
	GlobalSection(SolutionConfigurationPlatforms) = preSolution
		Debug|Any CPU = Debug|Any CPU
		Release|Any CPU = Release|Any CPU
	EndGlobalSection
	GlobalSection(ProjectConfigurationPlatforms) = postSolution
		{15AADF30-1ACC-4027-A405-26D6504027EC}.Debug|Any CPU.ActiveCfg = Debug|Any CPU
		{15AADF30-1ACC-4027-A405-26D6504027EC}.Debug|Any CPU.Build.0 = Debug|Any CPU
		{15AADF30-1ACC-4027-A405-26D6504027EC}.Release|Any CPU.ActiveCfg = Release|Any CPU
		{15AADF30-1ACC-4027-A405-26D6504027EC}.Release|Any CPU.Build.0 = Release|Any CPU
	EndGlobalSection
	GlobalSection(SolutionProperties) = preSolution
		HideSolutionNode = FALSE
	EndGlobalSection
	GlobalSection(ExtensibilityGlobals) = postSolution
		SolutionGuid = {C62A124C-C8CE-487D-80BD-91B9672F6ABA}
	EndGlobalSection
EndGlobal
